
Microsoft Visual Studio Solution File, Format Version 12.00
# Visual Studio 14
VisualStudioVersion = 14.0.24720.0
MinimumVisualStudioVersion = 10.0.40219.1
Project("{FAE04EC0-301F-11D3-BF4B-00C04F79EFBC}") = "RPi", "RPi\RPi.csproj", "{B18518A8-46CD-410E-9560-7BB071A6216E}"
EndProject
Project("{FAE04EC0-301F-11D3-BF4B-00C04F79EFBC}") = "Server", "Server\Server.csproj", "{634D6169-5762-4EA8-BFC2-282A125E64F2}"
EndProject
Project("{FAE04EC0-301F-11D3-BF4B-00C04F79EFBC}") = "Client", "Client\Client.csproj", "{D9ED4085-7933-4CDA-BCAD-8B1921C56E0B}"
EndProject
Global
	GlobalSection(SolutionConfigurationPlatforms) = preSolution
		Debug|Any CPU = Debug|Any CPU
		Debug|ARM = Debug|ARM
		Debug|x64 = Debug|x64
		Debug|x86 = Debug|x86
		Release|Any CPU = Release|Any CPU
		Release|ARM = Release|ARM
		Release|x64 = Release|x64
		Release|x86 = Release|x86
	EndGlobalSection
	GlobalSection(ProjectConfigurationPlatforms) = postSolution
		{B18518A8-46CD-410E-9560-7BB071A6216E}.Debug|Any CPU.ActiveCfg = Debug|x86
		{B18518A8-46CD-410E-9560-7BB071A6216E}.Debug|ARM.ActiveCfg = Debug|ARM
		{B18518A8-46CD-410E-9560-7BB071A6216E}.Debug|ARM.Build.0 = Debug|ARM
		{B18518A8-46CD-410E-9560-7BB071A6216E}.Debug|ARM.Deploy.0 = Debug|ARM
		{B18518A8-46CD-410E-9560-7BB071A6216E}.Debug|x64.ActiveCfg = Debug|x64
		{B18518A8-46CD-410E-9560-7BB071A6216E}.Debug|x64.Build.0 = Debug|x64
		{B18518A8-46CD-410E-9560-7BB071A6216E}.Debug|x64.Deploy.0 = Debug|x64
		{B18518A8-46CD-410E-9560-7BB071A6216E}.Debug|x86.ActiveCfg = Debug|x86
		{B18518A8-46CD-410E-9560-7BB071A6216E}.Debug|x86.Build.0 = Debug|x86
		{B18518A8-46CD-410E-9560-7BB071A6216E}.Debug|x86.Deploy.0 = Debug|x86
		{B18518A8-46CD-410E-9560-7BB071A6216E}.Release|Any CPU.ActiveCfg = Release|x86
		{B18518A8-46CD-410E-9560-7BB071A6216E}.Release|ARM.ActiveCfg = Release|ARM
		{B18518A8-46CD-410E-9560-7BB071A6216E}.Release|ARM.Build.0 = Release|ARM
		{B18518A8-46CD-410E-9560-7BB071A6216E}.Release|ARM.Deploy.0 = Release|ARM
		{B18518A8-46CD-410E-9560-7BB071A6216E}.Release|x64.ActiveCfg = Release|x64
		{B18518A8-46CD-410E-9560-7BB071A6216E}.Release|x64.Build.0 = Release|x64
		{B18518A8-46CD-410E-9560-7BB071A6216E}.Release|x64.Deploy.0 = Release|x64
		{B18518A8-46CD-410E-9560-7BB071A6216E}.Release|x86.ActiveCfg = Release|x86
		{B18518A8-46CD-410E-9560-7BB071A6216E}.Release|x86.Build.0 = Release|x86
		{B18518A8-46CD-410E-9560-7BB071A6216E}.Release|x86.Deploy.0 = Release|x86
		{634D6169-5762-4EA8-BFC2-282A125E64F2}.Debug|Any CPU.ActiveCfg = Debug|Any CPU
		{634D6169-5762-4EA8-BFC2-282A125E64F2}.Debug|Any CPU.Build.0 = Debug|Any CPU
		{634D6169-5762-4EA8-BFC2-282A125E64F2}.Debug|ARM.ActiveCfg = Debug|Any CPU
		{634D6169-5762-4EA8-BFC2-282A125E64F2}.Debug|ARM.Build.0 = Debug|Any CPU
		{634D6169-5762-4EA8-BFC2-282A125E64F2}.Debug|x64.ActiveCfg = Debug|Any CPU
		{634D6169-5762-4EA8-BFC2-282A125E64F2}.Debug|x64.Build.0 = Debug|Any CPU
		{634D6169-5762-4EA8-BFC2-282A125E64F2}.Debug|x86.ActiveCfg = Debug|Any CPU
		{634D6169-5762-4EA8-BFC2-282A125E64F2}.Debug|x86.Build.0 = Debug|Any CPU
		{634D6169-5762-4EA8-BFC2-282A125E64F2}.Release|Any CPU.ActiveCfg = Release|Any CPU
		{634D6169-5762-4EA8-BFC2-282A125E64F2}.Release|Any CPU.Build.0 = Release|Any CPU
		{634D6169-5762-4EA8-BFC2-282A125E64F2}.Release|ARM.ActiveCfg = Release|Any CPU
		{634D6169-5762-4EA8-BFC2-282A125E64F2}.Release|ARM.Build.0 = Release|Any CPU
		{634D6169-5762-4EA8-BFC2-282A125E64F2}.Release|x64.ActiveCfg = Release|Any CPU
		{634D6169-5762-4EA8-BFC2-282A125E64F2}.Release|x64.Build.0 = Release|Any CPU
		{634D6169-5762-4EA8-BFC2-282A125E64F2}.Release|x86.ActiveCfg = Release|Any CPU
		{634D6169-5762-4EA8-BFC2-282A125E64F2}.Release|x86.Build.0 = Release|Any CPU
		{D9ED4085-7933-4CDA-BCAD-8B1921C56E0B}.Debug|Any CPU.ActiveCfg = Debug|x86
		{D9ED4085-7933-4CDA-BCAD-8B1921C56E0B}.Debug|ARM.ActiveCfg = Debug|ARM
		{D9ED4085-7933-4CDA-BCAD-8B1921C56E0B}.Debug|ARM.Build.0 = Debug|ARM
		{D9ED4085-7933-4CDA-BCAD-8B1921C56E0B}.Debug|ARM.Deploy.0 = Debug|ARM
		{D9ED4085-7933-4CDA-BCAD-8B1921C56E0B}.Debug|x64.ActiveCfg = Debug|x64
		{D9ED4085-7933-4CDA-BCAD-8B1921C56E0B}.Debug|x64.Build.0 = Debug|x64
		{D9ED4085-7933-4CDA-BCAD-8B1921C56E0B}.Debug|x64.Deploy.0 = Debug|x64
		{D9ED4085-7933-4CDA-BCAD-8B1921C56E0B}.Debug|x86.ActiveCfg = Debug|x86
		{D9ED4085-7933-4CDA-BCAD-8B1921C56E0B}.Debug|x86.Build.0 = Debug|x86
		{D9ED4085-7933-4CDA-BCAD-8B1921C56E0B}.Debug|x86.Deploy.0 = Debug|x86
		{D9ED4085-7933-4CDA-BCAD-8B1921C56E0B}.Release|Any CPU.ActiveCfg = Release|x86
		{D9ED4085-7933-4CDA-BCAD-8B1921C56E0B}.Release|ARM.ActiveCfg = Release|ARM
		{D9ED4085-7933-4CDA-BCAD-8B1921C56E0B}.Release|ARM.Build.0 = Release|ARM
		{D9ED4085-7933-4CDA-BCAD-8B1921C56E0B}.Release|ARM.Deploy.0 = Release|ARM
		{D9ED4085-7933-4CDA-BCAD-8B1921C56E0B}.Release|x64.ActiveCfg = Release|x64
		{D9ED4085-7933-4CDA-BCAD-8B1921C56E0B}.Release|x64.Build.0 = Release|x64
		{D9ED4085-7933-4CDA-BCAD-8B1921C56E0B}.Release|x64.Deploy.0 = Release|x64
		{D9ED4085-7933-4CDA-BCAD-8B1921C56E0B}.Release|x86.ActiveCfg = Release|x86
		{D9ED4085-7933-4CDA-BCAD-8B1921C56E0B}.Release|x86.Build.0 = Release|x86
		{D9ED4085-7933-4CDA-BCAD-8B1921C56E0B}.Release|x86.Deploy.0 = Release|x86
	EndGlobalSection
	GlobalSection(SolutionProperties) = preSolution
		HideSolutionNode = FALSE
	EndGlobalSection
EndGlobal
